
Microsoft Visual Studio Solution File, Format Version 12.00
# Visual Studio Version 16
VisualStudioVersion = 16.0.29728.190
MinimumVisualStudioVersion = 10.0.40219.1
Project("{FAE04EC0-301F-11D3-BF4B-00C04F79EFBC}") = "LogHealthCheck", "LogHealthCheck\LogHealthCheck.csproj", "{767A1E1B-0B13-4CB5-9BD2-AA117CA44665}"
EndProject
Global
	GlobalSection(SolutionConfigurationPlatforms) = preSolution
		Debug|Any CPU = Debug|Any CPU
		Release|Any CPU = Release|Any CPU
	EndGlobalSection
	GlobalSection(ProjectConfigurationPlatforms) = postSolution
		{767A1E1B-0B13-4CB5-9BD2-AA117CA44665}.Debug|Any CPU.ActiveCfg = Debug|Any CPU
		{767A1E1B-0B13-4CB5-9BD2-AA117CA44665}.Debug|Any CPU.Build.0 = Debug|Any CPU
		{767A1E1B-0B13-4CB5-9BD2-AA117CA44665}.Release|Any CPU.ActiveCfg = Release|Any CPU
		{767A1E1B-0B13-4CB5-9BD2-AA117CA44665}.Release|Any CPU.Build.0 = Release|Any CPU
	EndGlobalSection
	GlobalSection(SolutionProperties) = preSolution
		HideSolutionNode = FALSE
	EndGlobalSection
	GlobalSection(ExtensibilityGlobals) = postSolution
		SolutionGuid = {1A878D7B-08D0-4679-976F-B64177BEBE54}
	EndGlobalSection
EndGlobal
